
Microsoft Visual Studio Solution File, Format Version 12.00
# Visual Studio Version 17
VisualStudioVersion = 17.3.32929.385
MinimumVisualStudioVersion = 10.0.40219.1
Project("{FAE04EC0-301F-11D3-BF4B-00C04F79EFBC}") = "ApiTest", "ApiTest.csproj", "{1BD76BBE-3F81-4993-8E5D-36ECFE760328}"
EndProject
Global
	GlobalSection(SolutionConfigurationPlatforms) = preSolution
		Debug|Any CPU = Debug|Any CPU
		Release|Any CPU = Release|Any CPU
	EndGlobalSection
	GlobalSection(ProjectConfigurationPlatforms) = postSolution
		{1BD76BBE-3F81-4993-8E5D-36ECFE760328}.Debug|Any CPU.ActiveCfg = Debug|Any CPU
		{1BD76BBE-3F81-4993-8E5D-36ECFE760328}.Debug|Any CPU.Build.0 = Debug|Any CPU
		{1BD76BBE-3F81-4993-8E5D-36ECFE760328}.Release|Any CPU.ActiveCfg = Release|Any CPU
		{1BD76BBE-3F81-4993-8E5D-36ECFE760328}.Release|Any CPU.Build.0 = Release|Any CPU
	EndGlobalSection
	GlobalSection(SolutionProperties) = preSolution
		HideSolutionNode = FALSE
	EndGlobalSection
	GlobalSection(ExtensibilityGlobals) = postSolution
		SolutionGuid = {CF99134E-DCBD-4C70-8DC8-642616E85ECD}
	EndGlobalSection
EndGlobal
